# THIS IS AN AUTOGENERATED FILE. DO NOT EDIT THIS FILE DIRECTLY.
# yarn lockfile v1


"@babel/runtime@7.x":
  version "7.9.2"
  resolved "https://registry.npm.taobao.org/@babel/runtime/download/@babel/runtime-7.9.2.tgz#d90df0583a3a252f09aaa619665367bae518db06"
  integrity sha1-2Q3wWDo6JS8JqqYZZlNnuuUY2wY=
  dependencies:
    regenerator-runtime "^0.13.4"

"@vant/icons@1.2.1":
  version "1.2.1"
  resolved "https://registry.npm.taobao.org/@vant/icons/download/@vant/icons-1.2.1.tgz#309fecb97a4989866f045ce676b545c454701c8f"
  integrity sha1-MJ/suXpJiYZvBFzmdrVFxFRwHI8=

"@vue/babel-helper-vue-jsx-merge-props@^1.0.0":
  version "1.0.0"
  resolved "https://registry.npm.taobao.org/@vue/babel-helper-vue-jsx-merge-props/download/@vue/babel-helper-vue-jsx-merge-props-1.0.0.tgz#048fe579958da408fb7a8b2a3ec050b50a661040"
  integrity sha1-BI/leZWNpAj7eosqPsBQtQpmEEA=

regenerator-runtime@^0.13.4:
  version "0.13.5"
  resolved "https://registry.npm.taobao.org/regenerator-runtime/download/regenerator-runtime-0.13.5.tgz?cache=0&sync_timestamp=1584052481783&other_urls=https%3A%2F%2Fregistry.npm.taobao.org%2Fregenerator-runtime%2Fdownload%2Fregenerator-runtime-0.13.5.tgz#d878a1d094b4306d10b9096484b33ebd55e26697"
  integrity sha1-2Hih0JS0MG0QuQlkhLM+vVXiZpc=

vant-weapp@^0.5.28:
  version "0.5.28"
  resolved "https://registry.npm.taobao.org/vant-weapp/download/vant-weapp-0.5.28.tgz#426edb8aec5284a1a7beab1b5e9cb73e5144c41b"
  integrity sha1-Qm7biuxShKGnvqsbXpy3PlFExBs=

vant@^2.6.3:
  version "2.6.3"
  resolved "https://registry.npm.taobao.org/vant/download/vant-2.6.3.tgz?cache=0&sync_timestamp=1587384159412&other_urls=https%3A%2F%2Fregistry.npm.taobao.org%2Fvant%2Fdownload%2Fvant-2.6.3.tgz#3728325fe08fa3b6ab9fa2cb35b018221907bbae"
  integrity sha1-NygyX+CPo7arn6LLNbAYIhkHu64=
  dependencies:
    "@babel/runtime" "7.x"
    "@vant/icons" "1.2.1"
    "@vue/babel-helper-vue-jsx-merge-props" "^1.0.0"
    vue-lazyload "1.2.3"

vue-lazyload@1.2.3:
  version "1.2.3"
  resolved "https://registry.npm.taobao.org/vue-lazyload/download/vue-lazyload-1.2.3.tgz#901f9ec15c7e6ca78781a2bae4a343686bdedb2c"
  integrity sha1-kB+ewVx+bKeHgaK65KNDaGve2yw=
